// !$*UTF8*$!
{
	archiveVersion = 1;
	classes = {
	};
	objectVersion = 56;
	objects = {

/* Begin PBXBuildFile section */
		141715B08FA6D04EA49EFB99 /* Pods_YLTransitionAnimateTests.framework in Frameworks */ = {isa = PBXBuildFile; fileRef = 5A428B02C2BF2881429569D3 /* Pods_YLTransitionAnimateTests.framework */; };
		65A055767588EF384732C626 /* Pods_YLTransitionAnimate.framework in Frameworks */ = {isa = PBXBuildFile; fileRef = 1266A0BFC644377CBB13530E /* Pods_YLTransitionAnimate.framework */; };
		8235EE43DFF8281720CC5D5F /* Pods_YLTransitionAnimate_YLTransitionAnimateUITests.framework in Frameworks */ = {isa = PBXBuildFile; fileRef = 352585D1FA5186ED949F9025 /* Pods_YLTransitionAnimate_YLTransitionAnimateUITests.framework */; };
		84B376AB2B35340900AAAF83 /* AppDelegate.swift in Sources */ = {isa = PBXBuildFile; fileRef = 84B376AA2B35340900AAAF83 /* AppDelegate.swift */; };
		84B376AF2B35340900AAAF83 /* ViewController.swift in Sources */ = {isa = PBXBuildFile; fileRef = 84B376AE2B35340900AAAF83 /* ViewController.swift */; };
		84B376B42B35340A00AAAF83 /* Assets.xcassets in Resources */ = {isa = PBXBuildFile; fileRef = 84B376B32B35340A00AAAF83 /* Assets.xcassets */; };
		84B376B72B35340A00AAAF83 /* LaunchScreen.storyboard in Resources */ = {isa = PBXBuildFile; fileRef = 84B376B52B35340A00AAAF83 /* LaunchScreen.storyboard */; };
		84B376C22B35340A00AAAF83 /* YLTransitionAnimateTests.swift in Sources */ = {isa = PBXBuildFile; fileRef = 84B376C12B35340A00AAAF83 /* YLTransitionAnimateTests.swift */; };
		84B376CC2B35340A00AAAF83 /* YLTransitionAnimateUITests.swift in Sources */ = {isa = PBXBuildFile; fileRef = 84B376CB2B35340A00AAAF83 /* YLTransitionAnimateUITests.swift */; };
		84B376CE2B35340A00AAAF83 /* YLTransitionAnimateUITestsLaunchTests.swift in Sources */ = {isa = PBXBuildFile; fileRef = 84B376CD2B35340A00AAAF83 /* YLTransitionAnimateUITestsLaunchTests.swift */; };
		84B376DC2B3537F400AAAF83 /* UIView.swift in Sources */ = {isa = PBXBuildFile; fileRef = 84B376DB2B3537F400AAAF83 /* UIView.swift */; };
		84B376DE2B357E0500AAAF83 /* YLTransitionAnimateConfig.swift in Sources */ = {isa = PBXBuildFile; fileRef = 84B376DD2B357E0500AAAF83 /* YLTransitionAnimateConfig.swift */; };
/* End PBXBuildFile section */

/* Begin PBXContainerItemProxy section */
		84B376BE2B35340A00AAAF83 /* PBXContainerItemProxy */ = {
			isa = PBXContainerItemProxy;
			containerPortal = 84B3769F2B35340900AAAF83 /* Project object */;
			proxyType = 1;
			remoteGlobalIDString = 84B376A62B35340900AAAF83;
			remoteInfo = YLTransitionAnimate;
		};
		84B376C82B35340A00AAAF83 /* PBXContainerItemProxy */ = {
			isa = PBXContainerItemProxy;
			containerPortal = 84B3769F2B35340900AAAF83 /* Project object */;
			proxyType = 1;
			remoteGlobalIDString = 84B376A62B35340900AAAF83;
			remoteInfo = YLTransitionAnimate;
		};
/* End PBXContainerItemProxy section */

/* Begin PBXFileReference section */
		0EB259B5F0150B715A9D2B89 /* Pods-YLTransitionAnimateTests.debug.xcconfig */ = {isa = PBXFileReference; includeInIndex = 1; lastKnownFileType = text.xcconfig; name = "Pods-YLTransitionAnimateTests.debug.xcconfig"; path = "Target Support Files/Pods-YLTransitionAnimateTests/Pods-YLTransitionAnimateTests.debug.xcconfig"; sourceTree = "<group>"; };
		1124E26C7B66BDEBDDA1E23C /* Pods-YLTransitionAnimateTests.release.xcconfig */ = {isa = PBXFileReference; includeInIndex = 1; lastKnownFileType = text.xcconfig; name = "Pods-YLTransitionAnimateTests.release.xcconfig"; path = "Target Support Files/Pods-YLTransitionAnimateTests/Pods-YLTransitionAnimateTests.release.xcconfig"; sourceTree = "<group>"; };
		1266A0BFC644377CBB13530E /* Pods_YLTransitionAnimate.framework */ = {isa = PBXFileReference; explicitFileType = wrapper.framework; includeInIndex = 0; path = Pods_YLTransitionAnimate.framework; sourceTree = BUILT_PRODUCTS_DIR; };
		1685CB749223B874B16E148C /* Pods-YLTransitionAnimate.release.xcconfig */ = {isa = PBXFileReference; includeInIndex = 1; lastKnownFileType = text.xcconfig; name = "Pods-YLTransitionAnimate.release.xcconfig"; path = "Target Support Files/Pods-YLTransitionAnimate/Pods-YLTransitionAnimate.release.xcconfig"; sourceTree = "<group>"; };
		352585D1FA5186ED949F9025 /* Pods_YLTransitionAnimate_YLTransitionAnimateUITests.framework */ = {isa = PBXFileReference; explicitFileType = wrapper.framework; includeInIndex = 0; path = Pods_YLTransitionAnimate_YLTransitionAnimateUITests.framework; sourceTree = BUILT_PRODUCTS_DIR; };
		3576A78DC78563D4C48C88EC /* Pods-YLTransitionAnimate.debug.xcconfig */ = {isa = PBXFileReference; includeInIndex = 1; lastKnownFileType = text.xcconfig; name = "Pods-YLTransitionAnimate.debug.xcconfig"; path = "Target Support Files/Pods-YLTransitionAnimate/Pods-YLTransitionAnimate.debug.xcconfig"; sourceTree = "<group>"; };
		5A428B02C2BF2881429569D3 /* Pods_YLTransitionAnimateTests.framework */ = {isa = PBXFileReference; explicitFileType = wrapper.framework; includeInIndex = 0; path = Pods_YLTransitionAnimateTests.framework; sourceTree = BUILT_PRODUCTS_DIR; };
		84B376A72B35340900AAAF83 /* YLTransitionAnimate.app */ = {isa = PBXFileReference; explicitFileType = wrapper.application; includeInIndex = 0; path = YLTransitionAnimate.app; sourceTree = BUILT_PRODUCTS_DIR; };
		84B376AA2B35340900AAAF83 /* AppDelegate.swift */ = {isa = PBXFileReference; lastKnownFileType = sourcecode.swift; path = AppDelegate.swift; sourceTree = "<group>"; };
		84B376AE2B35340900AAAF83 /* ViewController.swift */ = {isa = PBXFileReference; lastKnownFileType = sourcecode.swift; path = ViewController.swift; sourceTree = "<group>"; };
		84B376B32B35340A00AAAF83 /* Assets.xcassets */ = {isa = PBXFileReference; lastKnownFileType = folder.assetcatalog; path = Assets.xcassets; sourceTree = "<group>"; };
		84B376B62B35340A00AAAF83 /* Base */ = {isa = PBXFileReference; lastKnownFileType = file.storyboard; name = Base; path = Base.lproj/LaunchScreen.storyboard; sourceTree = "<group>"; };
		84B376B82B35340A00AAAF83 /* Info.plist */ = {isa = PBXFileReference; lastKnownFileType = text.plist.xml; path = Info.plist; sourceTree = "<group>"; };
		84B376BD2B35340A00AAAF83 /* YLTransitionAnimateTests.xctest */ = {isa = PBXFileReference; explicitFileType = wrapper.cfbundle; includeInIndex = 0; path = YLTransitionAnimateTests.xctest; sourceTree = BUILT_PRODUCTS_DIR; };
		84B376C12B35340A00AAAF83 /* YLTransitionAnimateTests.swift */ = {isa = PBXFileReference; lastKnownFileType = sourcecode.swift; path = YLTransitionAnimateTests.swift; sourceTree = "<group>"; };
		84B376C72B35340A00AAAF83 /* YLTransitionAnimateUITests.xctest */ = {isa = PBXFileReference; explicitFileType = wrapper.cfbundle; includeInIndex = 0; path = YLTransitionAnimateUITests.xctest; sourceTree = BUILT_PRODUCTS_DIR; };
		84B376CB2B35340A00AAAF83 /* YLTransitionAnimateUITests.swift */ = {isa = PBXFileReference; lastKnownFileType = sourcecode.swift; path = YLTransitionAnimateUITests.swift; sourceTree = "<group>"; };
		84B376CD2B35340A00AAAF83 /* YLTransitionAnimateUITestsLaunchTests.swift */ = {isa = PBXFileReference; lastKnownFileType = sourcecode.swift; path = YLTransitionAnimateUITestsLaunchTests.swift; sourceTree = "<group>"; };
		84B376DB2B3537F400AAAF83 /* UIView.swift */ = {isa = PBXFileReference; lastKnownFileType = sourcecode.swift; path = UIView.swift; sourceTree = "<group>"; };
		84B376DD2B357E0500AAAF83 /* YLTransitionAnimateConfig.swift */ = {isa = PBXFileReference; lastKnownFileType = sourcecode.swift; path = YLTransitionAnimateConfig.swift; sourceTree = "<group>"; };
		9EECE6B736722B553CA759B0 /* Pods-YLTransitionAnimate-YLTransitionAnimateUITests.release.xcconfig */ = {isa = PBXFileReference; includeInIndex = 1; lastKnownFileType = text.xcconfig; name = "Pods-YLTransitionAnimate-YLTransitionAnimateUITests.release.xcconfig"; path = "Target Support Files/Pods-YLTransitionAnimate-YLTransitionAnimateUITests/Pods-YLTransitionAnimate-YLTransitionAnimateUITests.release.xcconfig"; sourceTree = "<group>"; };
		A54DFE62A585DD42B821CC65 /* Pods-YLTransitionAnimate-YLTransitionAnimateUITests.debug.xcconfig */ = {isa = PBXFileReference; includeInIndex = 1; lastKnownFileType = text.xcconfig; name = "Pods-YLTransitionAnimate-YLTransitionAnimateUITests.debug.xcconfig"; path = "Target Support Files/Pods-YLTransitionAnimate-YLTransitionAnimateUITests/Pods-YLTransitionAnimate-YLTransitionAnimateUITests.debug.xcconfig"; sourceTree = "<group>"; };
/* End PBXFileReference section */

/* Begin PBXFrameworksBuildPhase section */
		84B376A42B35340900AAAF83 /* Frameworks */ = {
			isa = PBXFrameworksBuildPhase;
			buildActionMask = 2147483647;
			files = (
				65A055767588EF384732C626 /* Pods_YLTransitionAnimate.framework in Frameworks */,
			);
			runOnlyForDeploymentPostprocessing = 0;
		};
		84B376BA2B35340A00AAAF83 /* Frameworks */ = {
			isa = PBXFrameworksBuildPhase;
			buildActionMask = 2147483647;
			files = (
				141715B08FA6D04EA49EFB99 /* Pods_YLTransitionAnimateTests.framework in Frameworks */,
			);
			runOnlyForDeploymentPostprocessing = 0;
		};
		84B376C42B35340A00AAAF83 /* Frameworks */ = {
			isa = PBXFrameworksBuildPhase;
			buildActionMask = 2147483647;
			files = (
				8235EE43DFF8281720CC5D5F /* Pods_YLTransitionAnimate_YLTransitionAnimateUITests.framework in Frameworks */,
			);
			runOnlyForDeploymentPostprocessing = 0;
		};
/* End PBXFrameworksBuildPhase section */

/* Begin PBXGroup section */
		84B3769E2B35340900AAAF83 = {
			isa = PBXGroup;
			children = (
				84B376A92B35340900AAAF83 /* YLTransitionAnimate */,
				84B376C02B35340A00AAAF83 /* YLTransitionAnimateTests */,
				84B376CA2B35340A00AAAF83 /* YLTransitionAnimateUITests */,
				84B376A82B35340900AAAF83 /* Products */,
				A83A0C86ED66A4CBFA1C5CF9 /* Pods */,
				E8339142CDF8E6442A6C595F /* Frameworks */,
			);
			sourceTree = "<group>";
		};
		84B376A82B35340900AAAF83 /* Products */ = {
			isa = PBXGroup;
			children = (
				84B376A72B35340900AAAF83 /* YLTransitionAnimate.app */,
				84B376BD2B35340A00AAAF83 /* YLTransitionAnimateTests.xctest */,
				84B376C72B35340A00AAAF83 /* YLTransitionAnimateUITests.xctest */,
			);
			name = Products;
			sourceTree = "<group>";
		};
		84B376A92B35340900AAAF83 /* YLTransitionAnimate */ = {
			isa = PBXGroup;
			children = (
				84B376DA2B3537B300AAAF83 /* Extension */,
				84B376AA2B35340900AAAF83 /* AppDelegate.swift */,
				84B376AE2B35340900AAAF83 /* ViewController.swift */,
				84B376B32B35340A00AAAF83 /* Assets.xcassets */,
				84B376B52B35340A00AAAF83 /* LaunchScreen.storyboard */,
				84B376B82B35340A00AAAF83 /* Info.plist */,
			);
			path = YLTransitionAnimate;
			sourceTree = "<group>";
		};
		84B376C02B35340A00AAAF83 /* YLTransitionAnimateTests */ = {
			isa = PBXGroup;
			children = (
				84B376C12B35340A00AAAF83 /* YLTransitionAnimateTests.swift */,
			);
			path = YLTransitionAnimateTests;
			sourceTree = "<group>";
		};
		84B376CA2B35340A00AAAF83 /* YLTransitionAnimateUITests */ = {
			isa = PBXGroup;
			children = (
				84B376CB2B35340A00AAAF83 /* YLTransitionAnimateUITests.swift */,
				84B376CD2B35340A00AAAF83 /* YLTransitionAnimateUITestsLaunchTests.swift */,
			);
			path = YLTransitionAnimateUITests;
			sourceTree = "<group>";
		};
		84B376DA2B3537B300AAAF83 /* Extension */ = {
			isa = PBXGroup;
			children = (
				84B376DB2B3537F400AAAF83 /* UIView.swift */,
				84B376DD2B357E0500AAAF83 /* YLTransitionAnimateConfig.swift */,
			);
			path = Extension;
			sourceTree = "<group>";
		};
		A83A0C86ED66A4CBFA1C5CF9 /* Pods */ = {
			isa = PBXGroup;
			children = (
				3576A78DC78563D4C48C88EC /* Pods-YLTransitionAnimate.debug.xcconfig */,
				1685CB749223B874B16E148C /* Pods-YLTransitionAnimate.release.xcconfig */,
				A54DFE62A585DD42B821CC65 /* Pods-YLTransitionAnimate-YLTransitionAnimateUITests.debug.xcconfig */,
				9EECE6B736722B553CA759B0 /* Pods-YLTransitionAnimate-YLTransitionAnimateUITests.release.xcconfig */,
				0EB259B5F0150B715A9D2B89 /* Pods-YLTransitionAnimateTests.debug.xcconfig */,
				1124E26C7B66BDEBDDA1E23C /* Pods-YLTransitionAnimateTests.release.xcconfig */,
			);
			path = Pods;
			sourceTree = "<group>";
		};
		E8339142CDF8E6442A6C595F /* Frameworks */ = {
			isa = PBXGroup;
			children = (
				1266A0BFC644377CBB13530E /* Pods_YLTransitionAnimate.framework */,
				352585D1FA5186ED949F9025 /* Pods_YLTransitionAnimate_YLTransitionAnimateUITests.framework */,
				5A428B02C2BF2881429569D3 /* Pods_YLTransitionAnimateTests.framework */,
			);
			name = Frameworks;
			sourceTree = "<group>";
		};
/* End PBXGroup section */

/* Begin PBXNativeTarget section */
		84B376A62B35340900AAAF83 /* YLTransitionAnimate */ = {
			isa = PBXNativeTarget;
			buildConfigurationList = 84B376D12B35340A00AAAF83 /* Build configuration list for PBXNativeTarget "YLTransitionAnimate" */;
			buildPhases = (
				2F7AF19EFA95A3B5C543B02D /* [CP] Check Pods Manifest.lock */,
				84B376A32B35340900AAAF83 /* Sources */,
				84B376A42B35340900AAAF83 /* Frameworks */,
				84B376A52B35340900AAAF83 /* Resources */,
				584F381F47E62F12406F2A77 /* [CP] Embed Pods Frameworks */,
			);
			buildRules = (
			);
			dependencies = (
			);
			name = YLTransitionAnimate;
			productName = YLTransitionAnimate;
			productReference = 84B376A72B35340900AAAF83 /* YLTransitionAnimate.app */;
			productType = "com.apple.product-type.application";
		};
		84B376BC2B35340A00AAAF83 /* YLTransitionAnimateTests */ = {
			isa = PBXNativeTarget;
			buildConfigurationList = 84B376D42B35340A00AAAF83 /* Build configuration list for PBXNativeTarget "YLTransitionAnimateTests" */;
			buildPhases = (
				147D934987612C8EE10EF10C /* [CP] Check Pods Manifest.lock */,
				84B376B92B35340A00AAAF83 /* Sources */,
				84B376BA2B35340A00AAAF83 /* Frameworks */,
				84B376BB2B35340A00AAAF83 /* Resources */,
			);
			buildRules = (
			);
			dependencies = (
				84B376BF2B35340A00AAAF83 /* PBXTargetDependency */,
			);
			name = YLTransitionAnimateTests;
			productName = YLTransitionAnimateTests;
			productReference = 84B376BD2B35340A00AAAF83 /* YLTransitionAnimateTests.xctest */;
			productType = "com.apple.product-type.bundle.unit-test";
		};
		84B376C62B35340A00AAAF83 /* YLTransitionAnimateUITests */ = {
			isa = PBXNativeTarget;
			buildConfigurationList = 84B376D72B35340A00AAAF83 /* Build configuration list for PBXNativeTarget "YLTransitionAnimateUITests" */;
			buildPhases = (
				90F5A564C17DE3127CD7FD38 /* [CP] Check Pods Manifest.lock */,
				84B376C32B35340A00AAAF83 /* Sources */,
				84B376C42B35340A00AAAF83 /* Frameworks */,
				84B376C52B35340A00AAAF83 /* Resources */,
				D5B5C488667E90D1D41CA419 /* [CP] Embed Pods Frameworks */,
			);
			buildRules = (
			);
			dependencies = (
				84B376C92B35340A00AAAF83 /* PBXTargetDependency */,
			);
			name = YLTransitionAnimateUITests;
			productName = YLTransitionAnimateUITests;
			productReference = 84B376C72B35340A00AAAF83 /* YLTransitionAnimateUITests.xctest */;
			productType = "com.apple.product-type.bundle.ui-testing";
		};
/* End PBXNativeTarget section */

/* Begin PBXProject section */
		84B3769F2B35340900AAAF83 /* Project object */ = {
			isa = PBXProject;
			attributes = {
				BuildIndependentTargetsInParallel = 1;
				LastSwiftUpdateCheck = 1500;
				LastUpgradeCheck = 1500;
				TargetAttributes = {
					84B376A62B35340900AAAF83 = {
						CreatedOnToolsVersion = 15.0.1;
					};
					84B376BC2B35340A00AAAF83 = {
						CreatedOnToolsVersion = 15.0.1;
						TestTargetID = 84B376A62B35340900AAAF83;
					};
					84B376C62B35340A00AAAF83 = {
						CreatedOnToolsVersion = 15.0.1;
						TestTargetID = 84B376A62B35340900AAAF83;
					};
				};
			};
			buildConfigurationList = 84B376A22B35340900AAAF83 /* Build configuration list for PBXProject "YLTransitionAnimate" */;
			compatibilityVersion = "Xcode 14.0";
			developmentRegion = en;
			hasScannedForEncodings = 0;
			knownRegions = (
				en,
				Base,
			);
			mainGroup = 84B3769E2B35340900AAAF83;
			productRefGroup = 84B376A82B35340900AAAF83 /* Products */;
			projectDirPath = "";
			projectRoot = "";
			targets = (
				84B376A62B35340900AAAF83 /* YLTransitionAnimate */,
				84B376BC2B35340A00AAAF83 /* YLTransitionAnimateTests */,
				84B376C62B35340A00AAAF83 /* YLTransitionAnimateUITests */,
			);
		};
/* End PBXProject section */

/* Begin PBXResourcesBuildPhase section */
		84B376A52B35340900AAAF83 /* Resources */ = {
			isa = PBXResourcesBuildPhase;
			buildActionMask = 2147483647;
			files = (
				84B376B72B35340A00AAAF83 /* LaunchScreen.storyboard in Resources */,
				84B376B42B35340A00AAAF83 /* Assets.xcassets in Resources */,
			);
			runOnlyForDeploymentPostprocessing = 0;
		};
		84B376BB2B35340A00AAAF83 /* Resources */ = {
			isa = PBXResourcesBuildPhase;
			buildActionMask = 2147483647;
			files = (
			);
			runOnlyForDeploymentPostprocessing = 0;
		};
		84B376C52B35340A00AAAF83 /* Resources */ = {
			isa = PBXResourcesBuildPhase;
			buildActionMask = 2147483647;
			files = (
			);
			runOnlyForDeploymentPostprocessing = 0;
		};
/* End PBXResourcesBuildPhase section */

/* Begin PBXShellScriptBuildPhase section */
		147D934987612C8EE10EF10C /* [CP] Check Pods Manifest.lock */ = {
			isa = PBXShellScriptBuildPhase;
			buildActionMask = 2147483647;
			files = (
			);
			inputFileListPaths = (
			);
			inputPaths = (
				"${PODS_PODFILE_DIR_PATH}/Podfile.lock",
				"${PODS_ROOT}/Manifest.lock",
			);
			name = "[CP] Check Pods Manifest.lock";
			outputFileListPaths = (
			);
			outputPaths = (
				"$(DERIVED_FILE_DIR)/Pods-YLTransitionAnimateTests-checkManifestLockResult.txt",
			);
			runOnlyForDeploymentPostprocessing = 0;
			shellPath = /bin/sh;
			shellScript = "diff \"${PODS_PODFILE_DIR_PATH}/Podfile.lock\" \"${PODS_ROOT}/Manifest.lock\" > /dev/null\nif [ $? != 0 ] ; then\n    # print error to STDERR\n    echo \"error: The sandbox is not in sync with the Podfile.lock. Run 'pod install' or update your CocoaPods installation.\" >&2\n    exit 1\nfi\n# This output is used by Xcode 'outputs' to avoid re-running this script phase.\necho \"SUCCESS\" > \"${SCRIPT_OUTPUT_FILE_0}\"\n";
			showEnvVarsInLog = 0;
		};
		2F7AF19EFA95A3B5C543B02D /* [CP] Check Pods Manifest.lock */ = {
			isa = PBXShellScriptBuildPhase;
			buildActionMask = 2147483647;
			files = (
			);
			inputFileListPaths = (
			);
			inputPaths = (
				"${PODS_PODFILE_DIR_PATH}/Podfile.lock",
				"${PODS_ROOT}/Manifest.lock",
			);
			name = "[CP] Check Pods Manifest.lock";
			outputFileListPaths = (
			);
			outputPaths = (
				"$(DERIVED_FILE_DIR)/Pods-YLTransitionAnimate-checkManifestLockResult.txt",
			);
			runOnlyForDeploymentPostprocessing = 0;
			shellPath = /bin/sh;
			shellScript = "diff \"${PODS_PODFILE_DIR_PATH}/Podfile.lock\" \"${PODS_ROOT}/Manifest.lock\" > /dev/null\nif [ $? != 0 ] ; then\n    # print error to STDERR\n    echo \"error: The sandbox is not in sync with the Podfile.lock. Run 'pod install' or update your CocoaPods installation.\" >&2\n    exit 1\nfi\n# This output is used by Xcode 'outputs' to avoid re-running this script phase.\necho \"SUCCESS\" > \"${SCRIPT_OUTPUT_FILE_0}\"\n";
			showEnvVarsInLog = 0;
		};
		584F381F47E62F12406F2A77 /* [CP] Embed Pods Frameworks */ = {
			isa = PBXShellScriptBuildPhase;
			buildActionMask = 2147483647;
			files = (
			);
			inputFileListPaths = (
				"${PODS_ROOT}/Target Support Files/Pods-YLTransitionAnimate/Pods-YLTransitionAnimate-frameworks-${CONFIGURATION}-input-files.xcfilelist",
			);
			name = "[CP] Embed Pods Frameworks";
			outputFileListPaths = (
				"${PODS_ROOT}/Target Support Files/Pods-YLTransitionAnimate/Pods-YLTransitionAnimate-frameworks-${CONFIGURATION}-output-files.xcfilelist",
			);
			runOnlyForDeploymentPostprocessing = 0;
			shellPath = /bin/sh;
			shellScript = "\"${PODS_ROOT}/Target Support Files/Pods-YLTransitionAnimate/Pods-YLTransitionAnimate-frameworks.sh\"\n";
			showEnvVarsInLog = 0;
		};
		90F5A564C17DE3127CD7FD38 /* [CP] Check Pods Manifest.lock */ = {
			isa = PBXShellScriptBuildPhase;
			buildActionMask = 2147483647;
			files = (
			);
			inputFileListPaths = (
			);
			inputPaths = (
				"${PODS_PODFILE_DIR_PATH}/Podfile.lock",
				"${PODS_ROOT}/Manifest.lock",
			);
			name = "[CP] Check Pods Manifest.lock";
			outputFileListPaths = (
			);
			outputPaths = (
				"$(DERIVED_FILE_DIR)/Pods-YLTransitionAnimate-YLTransitionAnimateUITests-checkManifestLockResult.txt",
			);
			runOnlyForDeploymentPostprocessing = 0;
			shellPath = /bin/sh;
			shellScript = "diff \"${PODS_PODFILE_DIR_PATH}/Podfile.lock\" \"${PODS_ROOT}/Manifest.lock\" > /dev/null\nif [ $? != 0 ] ; then\n    # print error to STDERR\n    echo \"error: The sandbox is not in sync with the Podfile.lock. Run 'pod install' or update your CocoaPods installation.\" >&2\n    exit 1\nfi\n# This output is used by Xcode 'outputs' to avoid re-running this script phase.\necho \"SUCCESS\" > \"${SCRIPT_OUTPUT_FILE_0}\"\n";
			showEnvVarsInLog = 0;
		};
		D5B5C488667E90D1D41CA419 /* [CP] Embed Pods Frameworks */ = {
			isa = PBXShellScriptBuildPhase;
			buildActionMask = 2147483647;
			files = (
			);
			inputFileListPaths = (
				"${PODS_ROOT}/Target Support Files/Pods-YLTransitionAnimate-YLTransitionAnimateUITests/Pods-YLTransitionAnimate-YLTransitionAnimateUITests-frameworks-${CONFIGURATION}-input-files.xcfilelist",
			);
			name = "[CP] Embed Pods Frameworks";
			outputFileListPaths = (
				"${PODS_ROOT}/Target Support Files/Pods-YLTransitionAnimate-YLTransitionAnimateUITests/Pods-YLTransitionAnimate-YLTransitionAnimateUITests-frameworks-${CONFIGURATION}-output-files.xcfilelist",
			);
			runOnlyForDeploymentPostprocessing = 0;
			shellPath = /bin/sh;
			shellScript = "\"${PODS_ROOT}/Target Support Files/Pods-YLTransitionAnimate-YLTransitionAnimateUITests/Pods-YLTransitionAnimate-YLTransitionAnimateUITests-frameworks.sh\"\n";
			showEnvVarsInLog = 0;
		};
/* End PBXShellScriptBuildPhase section */

/* Begin PBXSourcesBuildPhase section */
		84B376A32B35340900AAAF83 /* Sources */ = {
			isa = PBXSourcesBuildPhase;
			buildActionMask = 2147483647;
			files = (
				84B376AF2B35340900AAAF83 /* ViewController.swift in Sources */,
				84B376DC2B3537F400AAAF83 /* UIView.swift in Sources */,
				84B376AB2B35340900AAAF83 /* AppDelegate.swift in Sources */,
				84B376DE2B357E0500AAAF83 /* YLTransitionAnimateConfig.swift in Sources */,
			);
			runOnlyForDeploymentPostprocessing = 0;
		};
		84B376B92B35340A00AAAF83 /* Sources */ = {
			isa = PBXSourcesBuildPhase;
			buildActionMask = 2147483647;
			files = (
				84B376C22B35340A00AAAF83 /* YLTransitionAnimateTests.swift in Sources */,
			);
			runOnlyForDeploymentPostprocessing = 0;
		};
		84B376C32B35340A00AAAF83 /* Sources */ = {
			isa = PBXSourcesBuildPhase;
			buildActionMask = 2147483647;
			files = (
				84B376CE2B35340A00AAAF83 /* YLTransitionAnimateUITestsLaunchTests.swift in Sources */,
				84B376CC2B35340A00AAAF83 /* YLTransitionAnimateUITests.swift in Sources */,
			);
			runOnlyForDeploymentPostprocessing = 0;
		};
/* End PBXSourcesBuildPhase section */

/* Begin PBXTargetDependency section */
		84B376BF2B35340A00AAAF83 /* PBXTargetDependency */ = {
			isa = PBXTargetDependency;
			target = 84B376A62B35340900AAAF83 /* YLTransitionAnimate */;
			targetProxy = 84B376BE2B35340A00AAAF83 /* PBXContainerItemProxy */;
		};
		84B376C92B35340A00AAAF83 /* PBXTargetDependency */ = {
			isa = PBXTargetDependency;
			target = 84B376A62B35340900AAAF83 /* YLTransitionAnimate */;
			targetProxy = 84B376C82B35340A00AAAF83 /* PBXContainerItemProxy */;
		};
/* End PBXTargetDependency section */

/* Begin PBXVariantGroup section */
		84B376B52B35340A00AAAF83 /* LaunchScreen.storyboard */ = {
			isa = PBXVariantGroup;
			children = (
				84B376B62B35340A00AAAF83 /* Base */,
			);
			name = LaunchScreen.storyboard;
			sourceTree = "<group>";
		};
/* End PBXVariantGroup section */

/* Begin XCBuildConfiguration section */
		84B376CF2B35340A00AAAF83 /* Debug */ = {
			isa = XCBuildConfiguration;
			buildSettings = {
				ALWAYS_SEARCH_USER_PATHS = NO;
				ASSETCATALOG_COMPILER_GENERATE_SWIFT_ASSET_SYMBOL_EXTENSIONS = YES;
				CLANG_ANALYZER_NONNULL = YES;
				CLANG_ANALYZER_NUMBER_OBJECT_CONVERSION = YES_AGGRESSIVE;
				CLANG_CXX_LANGUAGE_STANDARD = "gnu++20";
				CLANG_ENABLE_MODULES = YES;
				CLANG_ENABLE_OBJC_ARC = YES;
				CLANG_ENABLE_OBJC_WEAK = YES;
				CLANG_WARN_BLOCK_CAPTURE_AUTORELEASING = YES;
				CLANG_WARN_BOOL_CONVERSION = YES;
				CLANG_WARN_COMMA = YES;
				CLANG_WARN_CONSTANT_CONVERSION = YES;
				CLANG_WARN_DEPRECATED_OBJC_IMPLEMENTATIONS = YES;
				CLANG_WARN_DIRECT_OBJC_ISA_USAGE = YES_ERROR;
				CLANG_WARN_DOCUMENTATION_COMMENTS = YES;
				CLANG_WARN_EMPTY_BODY = YES;
				CLANG_WARN_ENUM_CONVERSION = YES;
				CLANG_WARN_INFINITE_RECURSION = YES;
				CLANG_WARN_INT_CONVERSION = YES;
				CLANG_WARN_NON_LITERAL_NULL_CONVERSION = YES;
				CLANG_WARN_OBJC_IMPLICIT_RETAIN_SELF = YES;
				CLANG_WARN_OBJC_LITERAL_CONVERSION = YES;
				CLANG_WARN_OBJC_ROOT_CLASS = YES_ERROR;
				CLANG_WARN_QUOTED_INCLUDE_IN_FRAMEWORK_HEADER = YES;
				CLANG_WARN_RANGE_LOOP_ANALYSIS = YES;
				CLANG_WARN_STRICT_PROTOTYPES = YES;
				CLANG_WARN_SUSPICIOUS_MOVE = YES;
				CLANG_WARN_UNGUARDED_AVAILABILITY = YES_AGGRESSIVE;
				CLANG_WARN_UNREACHABLE_CODE = YES;
				CLANG_WARN__DUPLICATE_METHOD_MATCH = YES;
				COPY_PHASE_STRIP = NO;
				DEBUG_INFORMATION_FORMAT = dwarf;
				ENABLE_STRICT_OBJC_MSGSEND = YES;
				ENABLE_TESTABILITY = YES;
				ENABLE_USER_SCRIPT_SANDBOXING = YES;
				GCC_C_LANGUAGE_STANDARD = gnu17;
				GCC_DYNAMIC_NO_PIC = NO;
				GCC_NO_COMMON_BLOCKS = YES;
				GCC_OPTIMIZATION_LEVEL = 0;
				GCC_PREPROCESSOR_DEFINITIONS = (
					"DEBUG=1",
					"$(inherited)",
				);
				GCC_WARN_64_TO_32_BIT_CONVERSION = YES;
				GCC_WARN_ABOUT_RETURN_TYPE = YES_ERROR;
				GCC_WARN_UNDECLARED_SELECTOR = YES;
				GCC_WARN_UNINITIALIZED_AUTOS = YES_AGGRESSIVE;
				GCC_WARN_UNUSED_FUNCTION = YES;
				GCC_WARN_UNUSED_VARIABLE = YES;
				IPHONEOS_DEPLOYMENT_TARGET = 12.0;
				LOCALIZATION_PREFERS_STRING_CATALOGS = YES;
				MTL_ENABLE_DEBUG_INFO = INCLUDE_SOURCE;
				MTL_FAST_MATH = YES;
				ONLY_ACTIVE_ARCH = YES;
				SDKROOT = iphoneos;
				SWIFT_ACTIVE_COMPILATION_CONDITIONS = "DEBUG $(inherited)";
				SWIFT_OPTIMIZATION_LEVEL = "-Onone";
			};
			name = Debug;
		};
		84B376D02B35340A00AAAF83 /* Release */ = {
			isa = XCBuildConfiguration;
			buildSettings = {
				ALWAYS_SEARCH_USER_PATHS = NO;
				ASSETCATALOG_COMPILER_GENERATE_SWIFT_ASSET_SYMBOL_EXTENSIONS = YES;
				CLANG_ANALYZER_NONNULL = YES;
				CLANG_ANALYZER_NUMBER_OBJECT_CONVERSION = YES_AGGRESSIVE;
				CLANG_CXX_LANGUAGE_STANDARD = "gnu++20";
				CLANG_ENABLE_MODULES = YES;
				CLANG_ENABLE_OBJC_ARC = YES;
				CLANG_ENABLE_OBJC_WEAK = YES;
				CLANG_WARN_BLOCK_CAPTURE_AUTORELEASING = YES;
				CLANG_WARN_BOOL_CONVERSION = YES;
				CLANG_WARN_COMMA = YES;
				CLANG_WARN_CONSTANT_CONVERSION = YES;
				CLANG_WARN_DEPRECATED_OBJC_IMPLEMENTATIONS = YES;
				CLANG_WARN_DIRECT_OBJC_ISA_USAGE = YES_ERROR;
				CLANG_WARN_DOCUMENTATION_COMMENTS = YES;
				CLANG_WARN_EMPTY_BODY = YES;
				CLANG_WARN_ENUM_CONVERSION = YES;
				CLANG_WARN_INFINITE_RECURSION = YES;
				CLANG_WARN_INT_CONVERSION = YES;
				CLANG_WARN_NON_LITERAL_NULL_CONVERSION = YES;
				CLANG_WARN_OBJC_IMPLICIT_RETAIN_SELF = YES;
				CLANG_WARN_OBJC_LITERAL_CONVERSION = YES;
				CLANG_WARN_OBJC_ROOT_CLASS = YES_ERROR;
				CLANG_WARN_QUOTED_INCLUDE_IN_FRAMEWORK_HEADER = YES;
				CLANG_WARN_RANGE_LOOP_ANALYSIS = YES;
				CLANG_WARN_STRICT_PROTOTYPES = YES;
				CLANG_WARN_SUSPICIOUS_MOVE = YES;
				CLANG_WARN_UNGUARDED_AVAILABILITY = YES_AGGRESSIVE;
				CLANG_WARN_UNREACHABLE_CODE = YES;
				CLANG_WARN__DUPLICATE_METHOD_MATCH = YES;
				COPY_PHASE_STRIP = NO;
				DEBUG_INFORMATION_FORMAT = "dwarf-with-dsym";
				ENABLE_NS_ASSERTIONS = NO;
				ENABLE_STRICT_OBJC_MSGSEND = YES;
				ENABLE_USER_SCRIPT_SANDBOXING = YES;
				GCC_C_LANGUAGE_STANDARD = gnu17;
				GCC_NO_COMMON_BLOCKS = YES;
				GCC_WARN_64_TO_32_BIT_CONVERSION = YES;
				GCC_WARN_ABOUT_RETURN_TYPE = YES_ERROR;
				GCC_WARN_UNDECLARED_SELECTOR = YES;
				GCC_WARN_UNINITIALIZED_AUTOS = YES_AGGRESSIVE;
				GCC_WARN_UNUSED_FUNCTION = YES;
				GCC_WARN_UNUSED_VARIABLE = YES;
				IPHONEOS_DEPLOYMENT_TARGET = 12.0;
				LOCALIZATION_PREFERS_STRING_CATALOGS = YES;
				MTL_ENABLE_DEBUG_INFO = NO;
				MTL_FAST_MATH = YES;
				SDKROOT = iphoneos;
				SWIFT_COMPILATION_MODE = wholemodule;
				VALIDATE_PRODUCT = YES;
			};
			name = Release;
		};
		84B376D22B35340A00AAAF83 /* Debug */ = {
			isa = XCBuildConfiguration;
			baseConfigurationReference = 3576A78DC78563D4C48C88EC /* Pods-YLTransitionAnimate.debug.xcconfig */;
			buildSettings = {
				ASSETCATALOG_COMPILER_APPICON_NAME = AppIcon;
				ASSETCATALOG_COMPILER_GLOBAL_ACCENT_COLOR_NAME = AccentColor;
				CODE_SIGN_STYLE = Automatic;
				CURRENT_PROJECT_VERSION = 1;
				DEVELOPMENT_TEAM = JFRHS2R5L6;
				ENABLE_USER_SCRIPT_SANDBOXING = NO;
				EXCLUDED_ARCHS = arm64;
				GENERATE_INFOPLIST_FILE = YES;
				INFOPLIST_FILE = YLTransitionAnimate/Info.plist;
				INFOPLIST_KEY_UIApplicationSupportsIndirectInputEvents = YES;
				INFOPLIST_KEY_UILaunchStoryboardName = LaunchScreen;
				INFOPLIST_KEY_UIRequiresFullScreen = YES;
				INFOPLIST_KEY_UISupportedInterfaceOrientations = UIInterfaceOrientationPortrait;
				IPHONEOS_DEPLOYMENT_TARGET = 12.0;
				LD_RUNPATH_SEARCH_PATHS = (
					"$(inherited)",
					"@executable_path/Frameworks",
				);
				MARKETING_VERSION = 1.0;
				PRODUCT_BUNDLE_IDENTIFIER = com.david.remote;
				PRODUCT_NAME = "$(TARGET_NAME)";
				SUPPORTED_PLATFORMS = "iphoneos iphonesimulator";
				SUPPORTS_MACCATALYST = NO;
				SUPPORTS_MAC_DESIGNED_FOR_IPHONE_IPAD = NO;
				SWIFT_EMIT_LOC_STRINGS = YES;
				SWIFT_VERSION = 5.0;
				TARGETED_DEVICE_FAMILY = "1,2";
			};
			name = Debug;
		};
		84B376D32B35340A00AAAF83 /* Release */ = {
			isa = XCBuildConfiguration;
			baseConfigurationReference = 1685CB749223B874B16E148C /* Pods-YLTransitionAnimate.release.xcconfig */;
			buildSettings = {
				ASSETCATALOG_COMPILER_APPICON_NAME = AppIcon;
				ASSETCATALOG_COMPILER_GLOBAL_ACCENT_COLOR_NAME = AccentColor;
				CODE_SIGN_STYLE = Automatic;
				CURRENT_PROJECT_VERSION = 1;
				DEVELOPMENT_TEAM = JFRHS2R5L6;
				ENABLE_USER_SCRIPT_SANDBOXING = NO;
				GENERATE_INFOPLIST_FILE = YES;
				INFOPLIST_FILE = YLTransitionAnimate/Info.plist;
				INFOPLIST_KEY_UIApplicationSupportsIndirectInputEvents = YES;
				INFOPLIST_KEY_UILaunchStoryboardName = LaunchScreen;
				INFOPLIST_KEY_UIRequiresFullScreen = YES;
				INFOPLIST_KEY_UISupportedInterfaceOrientations = UIInterfaceOrientationPortrait;
				IPHONEOS_DEPLOYMENT_TARGET = 12.0;
				LD_RUNPATH_SEARCH_PATHS = (
					"$(inherited)",
					"@executable_path/Frameworks",
				);
				MARKETING_VERSION = 1.0;
				PRODUCT_BUNDLE_IDENTIFIER = com.david.remote;
				PRODUCT_NAME = "$(TARGET_NAME)";
				SUPPORTED_PLATFORMS = "iphoneos iphonesimulator";
				SUPPORTS_MACCATALYST = NO;
				SUPPORTS_MAC_DESIGNED_FOR_IPHONE_IPAD = NO;
				SWIFT_EMIT_LOC_STRINGS = YES;
				SWIFT_VERSION = 5.0;
				TARGETED_DEVICE_FAMILY = "1,2";
			};
			name = Release;
		};
		84B376D52B35340A00AAAF83 /* Debug */ = {
			isa = XCBuildConfiguration;
			baseConfigurationReference = 0EB259B5F0150B715A9D2B89 /* Pods-YLTransitionAnimateTests.debug.xcconfig */;
			buildSettings = {
				ALWAYS_EMBED_SWIFT_STANDARD_LIBRARIES = YES;
				BUNDLE_LOADER = "$(TEST_HOST)";
				CODE_SIGN_STYLE = Automatic;
				CURRENT_PROJECT_VERSION = 1;
				GENERATE_INFOPLIST_FILE = YES;
				IPHONEOS_DEPLOYMENT_TARGET = 17.0;
				MARKETING_VERSION = 1.0;
				PRODUCT_BUNDLE_IDENTIFIER = com.david.remote.YLTransitionAnimateTests;
				PRODUCT_NAME = "$(TARGET_NAME)";
				SWIFT_EMIT_LOC_STRINGS = NO;
				SWIFT_VERSION = 5.0;
				TARGETED_DEVICE_FAMILY = "1,2";
				TEST_HOST = "$(BUILT_PRODUCTS_DIR)/YLTransitionAnimate.app/$(BUNDLE_EXECUTABLE_FOLDER_PATH)/YLTransitionAnimate";
			};
			name = Debug;
		};
		84B376D62B35340A00AAAF83 /* Release */ = {
			isa = XCBuildConfiguration;
			baseConfigurationReference = 1124E26C7B66BDEBDDA1E23C /* Pods-YLTransitionAnimateTests.release.xcconfig */;
			buildSettings = {
				ALWAYS_EMBED_SWIFT_STANDARD_LIBRARIES = YES;
				BUNDLE_LOADER = "$(TEST_HOST)";
				CODE_SIGN_STYLE = Automatic;
				CURRENT_PROJECT_VERSION = 1;
				GENERATE_INFOPLIST_FILE = YES;
				IPHONEOS_DEPLOYMENT_TARGET = 17.0;
				MARKETING_VERSION = 1.0;
				PRODUCT_BUNDLE_IDENTIFIER = com.david.remote.YLTransitionAnimateTests;
				PRODUCT_NAME = "$(TARGET_NAME)";
				SWIFT_EMIT_LOC_STRINGS = NO;
				SWIFT_VERSION = 5.0;
				TARGETED_DEVICE_FAMILY = "1,2";
				TEST_HOST = "$(BUILT_PRODUCTS_DIR)/YLTransitionAnimate.app/$(BUNDLE_EXECUTABLE_FOLDER_PATH)/YLTransitionAnimate";
			};
			name = Release;
		};
		84B376D82B35340A00AAAF83 /* Debug */ = {
			isa = XCBuildConfiguration;
			baseConfigurationReference = A54DFE62A585DD42B821CC65 /* Pods-YLTransitionAnimate-YLTransitionAnimateUITests.debug.xcconfig */;
			buildSettings = {
				ALWAYS_EMBED_SWIFT_STANDARD_LIBRARIES = YES;
				CODE_SIGN_STYLE = Automatic;
				CURRENT_PROJECT_VERSION = 1;
				GENERATE_INFOPLIST_FILE = YES;
				MARKETING_VERSION = 1.0;
				PRODUCT_BUNDLE_IDENTIFIER = com.david.remote.YLTransitionAnimateUITests;
				PRODUCT_NAME = "$(TARGET_NAME)";
				SWIFT_EMIT_LOC_STRINGS = NO;
				SWIFT_VERSION = 5.0;
				TARGETED_DEVICE_FAMILY = "1,2";
				TEST_TARGET_NAME = YLTransitionAnimate;
			};
			name = Debug;
		};
		84B376D92B35340A00AAAF83 /* Release */ = {
			isa = XCBuildConfiguration;
			baseConfigurationReference = 9EECE6B736722B553CA759B0 /* Pods-YLTransitionAnimate-YLTransitionAnimateUITests.release.xcconfig */;
			buildSettings = {
				ALWAYS_EMBED_SWIFT_STANDARD_LIBRARIES = YES;
				CODE_SIGN_STYLE = Automatic;
				CURRENT_PROJECT_VERSION = 1;
				GENERATE_INFOPLIST_FILE = YES;
				MARKETING_VERSION = 1.0;
				PRODUCT_BUNDLE_IDENTIFIER = com.david.remote.YLTransitionAnimateUITests;
				PRODUCT_NAME = "$(TARGET_NAME)";
				SWIFT_EMIT_LOC_STRINGS = NO;
				SWIFT_VERSION = 5.0;
				TARGETED_DEVICE_FAMILY = "1,2";
				TEST_TARGET_NAME = YLTransitionAnimate;
			};
			name = Release;
		};
/* End XCBuildConfiguration section */

/* Begin XCConfigurationList section */
		84B376A22B35340900AAAF83 /* Build configuration list for PBXProject "YLTransitionAnimate" */ = {
			isa = XCConfigurationList;
			buildConfigurations = (
				84B376CF2B35340A00AAAF83 /* Debug */,
				84B376D02B35340A00AAAF83 /* Release */,
			);
			defaultConfigurationIsVisible = 0;
			defaultConfigurationName = Release;
		};
		84B376D12B35340A00AAAF83 /* Build configuration list for PBXNativeTarget "YLTransitionAnimate" */ = {
			isa = XCConfigurationList;
			buildConfigurations = (
				84B376D22B35340A00AAAF83 /* Debug */,
				84B376D32B35340A00AAAF83 /* Release */,
			);
			defaultConfigurationIsVisible = 0;
			defaultConfigurationName = Release;
		};
		84B376D42B35340A00AAAF83 /* Build configuration list for PBXNativeTarget "YLTransitionAnimateTests" */ = {
			isa = XCConfigurationList;
			buildConfigurations = (
				84B376D52B35340A00AAAF83 /* Debug */,
				84B376D62B35340A00AAAF83 /* Release */,
			);
			defaultConfigurationIsVisible = 0;
			defaultConfigurationName = Release;
		};
		84B376D72B35340A00AAAF83 /* Build configuration list for PBXNativeTarget "YLTransitionAnimateUITests" */ = {
			isa = XCConfigurationList;
			buildConfigurations = (
				84B376D82B35340A00AAAF83 /* Debug */,
				84B376D92B35340A00AAAF83 /* Release */,
			);
			defaultConfigurationIsVisible = 0;
			defaultConfigurationName = Release;
		};
/* End XCConfigurationList section */
	};
	rootObject = 84B3769F2B35340900AAAF83 /* Project object */;
}
