// !$*UTF8*$!
{
	archiveVersion = 1;
	classes = {
	};
	objectVersion = 56;
	objects = {

/* Begin PBXBuildFile section */
		184913DADAB0923952EEEEB8 /* Pods_Demo_DemoUITests.framework in Frameworks */ = {isa = PBXBuildFile; fileRef = FD82F6C15568C500BCF33B00 /* Pods_Demo_DemoUITests.framework */; };
		525F64BE599F8AAB0BF1F2FE /* Pods_Demo.framework in Frameworks */ = {isa = PBXBuildFile; fileRef = 7830F40C300C49A319DC6739 /* Pods_Demo.framework */; };
		605F0A32F1D566054123A772 /* Pods_DemoTests.framework in Frameworks */ = {isa = PBXBuildFile; fileRef = 891FBA6F78B5FDBCCB7927FF /* Pods_DemoTests.framework */; };
		844C5FF12B3AB56200EC5207 /* AppDelegate.swift in Sources */ = {isa = PBXBuildFile; fileRef = 844C5FF02B3AB56200EC5207 /* AppDelegate.swift */; };
		844C5FF52B3AB56200EC5207 /* ViewController.swift in Sources */ = {isa = PBXBuildFile; fileRef = 844C5FF42B3AB56200EC5207 /* ViewController.swift */; };
		844C5FFA2B3AB56300EC5207 /* Assets.xcassets in Resources */ = {isa = PBXBuildFile; fileRef = 844C5FF92B3AB56300EC5207 /* Assets.xcassets */; };
		844C5FFD2B3AB56300EC5207 /* LaunchScreen.storyboard in Resources */ = {isa = PBXBuildFile; fileRef = 844C5FFB2B3AB56300EC5207 /* LaunchScreen.storyboard */; };
		844C60082B3AB56300EC5207 /* DemoTests.swift in Sources */ = {isa = PBXBuildFile; fileRef = 844C60072B3AB56300EC5207 /* DemoTests.swift */; };
		844C60122B3AB56300EC5207 /* DemoUITests.swift in Sources */ = {isa = PBXBuildFile; fileRef = 844C60112B3AB56300EC5207 /* DemoUITests.swift */; };
		844C60142B3AB56300EC5207 /* DemoUITestsLaunchTests.swift in Sources */ = {isa = PBXBuildFile; fileRef = 844C60132B3AB56300EC5207 /* DemoUITestsLaunchTests.swift */; };
		844C602D2B3AD1BA00EC5207 /* YLTransitionAnimateConfig.swift in Sources */ = {isa = PBXBuildFile; fileRef = 844C602B2B3AD1BA00EC5207 /* YLTransitionAnimateConfig.swift */; };
		844C602E2B3AD1BA00EC5207 /* YLTransitionAnimate.swift in Sources */ = {isa = PBXBuildFile; fileRef = 844C602C2B3AD1BA00EC5207 /* YLTransitionAnimate.swift */; };
/* End PBXBuildFile section */

/* Begin PBXContainerItemProxy section */
		844C60042B3AB56300EC5207 /* PBXContainerItemProxy */ = {
			isa = PBXContainerItemProxy;
			containerPortal = 844C5FE52B3AB56200EC5207 /* Project object */;
			proxyType = 1;
			remoteGlobalIDString = 844C5FEC2B3AB56200EC5207;
			remoteInfo = Demo;
		};
		844C600E2B3AB56300EC5207 /* PBXContainerItemProxy */ = {
			isa = PBXContainerItemProxy;
			containerPortal = 844C5FE52B3AB56200EC5207 /* Project object */;
			proxyType = 1;
			remoteGlobalIDString = 844C5FEC2B3AB56200EC5207;
			remoteInfo = Demo;
		};
/* End PBXContainerItemProxy section */

/* Begin PBXFileReference section */
		1F8645723085496F963999A0 /* Pods-Demo-DemoUITests.debug.xcconfig */ = {isa = PBXFileReference; includeInIndex = 1; lastKnownFileType = text.xcconfig; name = "Pods-Demo-DemoUITests.debug.xcconfig"; path = "Target Support Files/Pods-Demo-DemoUITests/Pods-Demo-DemoUITests.debug.xcconfig"; sourceTree = "<group>"; };
		3510F4ED784C777446A48B5B /* Pods-Demo-DemoUITests.release.xcconfig */ = {isa = PBXFileReference; includeInIndex = 1; lastKnownFileType = text.xcconfig; name = "Pods-Demo-DemoUITests.release.xcconfig"; path = "Target Support Files/Pods-Demo-DemoUITests/Pods-Demo-DemoUITests.release.xcconfig"; sourceTree = "<group>"; };
		7830F40C300C49A319DC6739 /* Pods_Demo.framework */ = {isa = PBXFileReference; explicitFileType = wrapper.framework; includeInIndex = 0; path = Pods_Demo.framework; sourceTree = BUILT_PRODUCTS_DIR; };
		844C5FED2B3AB56200EC5207 /* Demo.app */ = {isa = PBXFileReference; explicitFileType = wrapper.application; includeInIndex = 0; path = Demo.app; sourceTree = BUILT_PRODUCTS_DIR; };
		844C5FF02B3AB56200EC5207 /* AppDelegate.swift */ = {isa = PBXFileReference; lastKnownFileType = sourcecode.swift; path = AppDelegate.swift; sourceTree = "<group>"; };
		844C5FF42B3AB56200EC5207 /* ViewController.swift */ = {isa = PBXFileReference; lastKnownFileType = sourcecode.swift; path = ViewController.swift; sourceTree = "<group>"; };
		844C5FF92B3AB56300EC5207 /* Assets.xcassets */ = {isa = PBXFileReference; lastKnownFileType = folder.assetcatalog; path = Assets.xcassets; sourceTree = "<group>"; };
		844C5FFC2B3AB56300EC5207 /* Base */ = {isa = PBXFileReference; lastKnownFileType = file.storyboard; name = Base; path = Base.lproj/LaunchScreen.storyboard; sourceTree = "<group>"; };
		844C5FFE2B3AB56300EC5207 /* Info.plist */ = {isa = PBXFileReference; lastKnownFileType = text.plist.xml; path = Info.plist; sourceTree = "<group>"; };
		844C60032B3AB56300EC5207 /* DemoTests.xctest */ = {isa = PBXFileReference; explicitFileType = wrapper.cfbundle; includeInIndex = 0; path = DemoTests.xctest; sourceTree = BUILT_PRODUCTS_DIR; };
		844C60072B3AB56300EC5207 /* DemoTests.swift */ = {isa = PBXFileReference; lastKnownFileType = sourcecode.swift; path = DemoTests.swift; sourceTree = "<group>"; };
		844C600D2B3AB56300EC5207 /* DemoUITests.xctest */ = {isa = PBXFileReference; explicitFileType = wrapper.cfbundle; includeInIndex = 0; path = DemoUITests.xctest; sourceTree = BUILT_PRODUCTS_DIR; };
		844C60112B3AB56300EC5207 /* DemoUITests.swift */ = {isa = PBXFileReference; lastKnownFileType = sourcecode.swift; path = DemoUITests.swift; sourceTree = "<group>"; };
		844C60132B3AB56300EC5207 /* DemoUITestsLaunchTests.swift */ = {isa = PBXFileReference; lastKnownFileType = sourcecode.swift; path = DemoUITestsLaunchTests.swift; sourceTree = "<group>"; };
		844C602B2B3AD1BA00EC5207 /* YLTransitionAnimateConfig.swift */ = {isa = PBXFileReference; fileEncoding = 4; lastKnownFileType = sourcecode.swift; path = YLTransitionAnimateConfig.swift; sourceTree = "<group>"; };
		844C602C2B3AD1BA00EC5207 /* YLTransitionAnimate.swift */ = {isa = PBXFileReference; fileEncoding = 4; lastKnownFileType = sourcecode.swift; path = YLTransitionAnimate.swift; sourceTree = "<group>"; };
		891FBA6F78B5FDBCCB7927FF /* Pods_DemoTests.framework */ = {isa = PBXFileReference; explicitFileType = wrapper.framework; includeInIndex = 0; path = Pods_DemoTests.framework; sourceTree = BUILT_PRODUCTS_DIR; };
		8DBE9A35134244B7E216982F /* Pods-Demo.debug.xcconfig */ = {isa = PBXFileReference; includeInIndex = 1; lastKnownFileType = text.xcconfig; name = "Pods-Demo.debug.xcconfig"; path = "Target Support Files/Pods-Demo/Pods-Demo.debug.xcconfig"; sourceTree = "<group>"; };
		917C7AFC0066854C00632122 /* Pods-DemoTests.debug.xcconfig */ = {isa = PBXFileReference; includeInIndex = 1; lastKnownFileType = text.xcconfig; name = "Pods-DemoTests.debug.xcconfig"; path = "Target Support Files/Pods-DemoTests/Pods-DemoTests.debug.xcconfig"; sourceTree = "<group>"; };
		99ACA3F9C2334A9005B6D99E /* Pods-Demo.release.xcconfig */ = {isa = PBXFileReference; includeInIndex = 1; lastKnownFileType = text.xcconfig; name = "Pods-Demo.release.xcconfig"; path = "Target Support Files/Pods-Demo/Pods-Demo.release.xcconfig"; sourceTree = "<group>"; };
		A032318B090E565B683309A8 /* Pods-DemoTests.release.xcconfig */ = {isa = PBXFileReference; includeInIndex = 1; lastKnownFileType = text.xcconfig; name = "Pods-DemoTests.release.xcconfig"; path = "Target Support Files/Pods-DemoTests/Pods-DemoTests.release.xcconfig"; sourceTree = "<group>"; };
		FD82F6C15568C500BCF33B00 /* Pods_Demo_DemoUITests.framework */ = {isa = PBXFileReference; explicitFileType = wrapper.framework; includeInIndex = 0; path = Pods_Demo_DemoUITests.framework; sourceTree = BUILT_PRODUCTS_DIR; };
/* End PBXFileReference section */

/* Begin PBXFrameworksBuildPhase section */
		844C5FEA2B3AB56200EC5207 /* Frameworks */ = {
			isa = PBXFrameworksBuildPhase;
			buildActionMask = 2147483647;
			files = (
				525F64BE599F8AAB0BF1F2FE /* Pods_Demo.framework in Frameworks */,
			);
			runOnlyForDeploymentPostprocessing = 0;
		};
		844C60002B3AB56300EC5207 /* Frameworks */ = {
			isa = PBXFrameworksBuildPhase;
			buildActionMask = 2147483647;
			files = (
				605F0A32F1D566054123A772 /* Pods_DemoTests.framework in Frameworks */,
			);
			runOnlyForDeploymentPostprocessing = 0;
		};
		844C600A2B3AB56300EC5207 /* Frameworks */ = {
			isa = PBXFrameworksBuildPhase;
			buildActionMask = 2147483647;
			files = (
				184913DADAB0923952EEEEB8 /* Pods_Demo_DemoUITests.framework in Frameworks */,
			);
			runOnlyForDeploymentPostprocessing = 0;
		};
/* End PBXFrameworksBuildPhase section */

/* Begin PBXGroup section */
		13DAA302A98DB87B2A042D0F /* Pods */ = {
			isa = PBXGroup;
			children = (
				8DBE9A35134244B7E216982F /* Pods-Demo.debug.xcconfig */,
				99ACA3F9C2334A9005B6D99E /* Pods-Demo.release.xcconfig */,
				1F8645723085496F963999A0 /* Pods-Demo-DemoUITests.debug.xcconfig */,
				3510F4ED784C777446A48B5B /* Pods-Demo-DemoUITests.release.xcconfig */,
				917C7AFC0066854C00632122 /* Pods-DemoTests.debug.xcconfig */,
				A032318B090E565B683309A8 /* Pods-DemoTests.release.xcconfig */,
			);
			path = Pods;
			sourceTree = "<group>";
		};
		844C5FE42B3AB56200EC5207 = {
			isa = PBXGroup;
			children = (
				844C5FEF2B3AB56200EC5207 /* Demo */,
				844C60062B3AB56300EC5207 /* DemoTests */,
				844C60102B3AB56300EC5207 /* DemoUITests */,
				844C5FEE2B3AB56200EC5207 /* Products */,
				13DAA302A98DB87B2A042D0F /* Pods */,
				AEC2678C117E8F9A05A2BD4F /* Frameworks */,
			);
			sourceTree = "<group>";
		};
		844C5FEE2B3AB56200EC5207 /* Products */ = {
			isa = PBXGroup;
			children = (
				844C5FED2B3AB56200EC5207 /* Demo.app */,
				844C60032B3AB56300EC5207 /* DemoTests.xctest */,
				844C600D2B3AB56300EC5207 /* DemoUITests.xctest */,
			);
			name = Products;
			sourceTree = "<group>";
		};
		844C5FEF2B3AB56200EC5207 /* Demo */ = {
			isa = PBXGroup;
			children = (
				844C602A2B3AD1BA00EC5207 /* YLTransitionAnimate */,
				844C5FF02B3AB56200EC5207 /* AppDelegate.swift */,
				844C5FF42B3AB56200EC5207 /* ViewController.swift */,
				844C5FF92B3AB56300EC5207 /* Assets.xcassets */,
				844C5FFB2B3AB56300EC5207 /* LaunchScreen.storyboard */,
				844C5FFE2B3AB56300EC5207 /* Info.plist */,
			);
			path = Demo;
			sourceTree = "<group>";
		};
		844C60062B3AB56300EC5207 /* DemoTests */ = {
			isa = PBXGroup;
			children = (
				844C60072B3AB56300EC5207 /* DemoTests.swift */,
			);
			path = DemoTests;
			sourceTree = "<group>";
		};
		844C60102B3AB56300EC5207 /* DemoUITests */ = {
			isa = PBXGroup;
			children = (
				844C60112B3AB56300EC5207 /* DemoUITests.swift */,
				844C60132B3AB56300EC5207 /* DemoUITestsLaunchTests.swift */,
			);
			path = DemoUITests;
			sourceTree = "<group>";
		};
		844C602A2B3AD1BA00EC5207 /* YLTransitionAnimate */ = {
			isa = PBXGroup;
			children = (
				844C602B2B3AD1BA00EC5207 /* YLTransitionAnimateConfig.swift */,
				844C602C2B3AD1BA00EC5207 /* YLTransitionAnimate.swift */,
			);
			path = YLTransitionAnimate;
			sourceTree = "<group>";
		};
		AEC2678C117E8F9A05A2BD4F /* Frameworks */ = {
			isa = PBXGroup;
			children = (
				7830F40C300C49A319DC6739 /* Pods_Demo.framework */,
				FD82F6C15568C500BCF33B00 /* Pods_Demo_DemoUITests.framework */,
				891FBA6F78B5FDBCCB7927FF /* Pods_DemoTests.framework */,
			);
			name = Frameworks;
			sourceTree = "<group>";
		};
/* End PBXGroup section */

/* Begin PBXNativeTarget section */
		844C5FEC2B3AB56200EC5207 /* Demo */ = {
			isa = PBXNativeTarget;
			buildConfigurationList = 844C60172B3AB56300EC5207 /* Build configuration list for PBXNativeTarget "Demo" */;
			buildPhases = (
				12E222D60FB3C214F38EE0F6 /* [CP] Check Pods Manifest.lock */,
				844C5FE92B3AB56200EC5207 /* Sources */,
				844C5FEA2B3AB56200EC5207 /* Frameworks */,
				844C5FEB2B3AB56200EC5207 /* Resources */,
				26C844AD15935633C684A346 /* [CP] Embed Pods Frameworks */,
			);
			buildRules = (
			);
			dependencies = (
			);
			name = Demo;
			productName = Demo;
			productReference = 844C5FED2B3AB56200EC5207 /* Demo.app */;
			productType = "com.apple.product-type.application";
		};
		844C60022B3AB56300EC5207 /* DemoTests */ = {
			isa = PBXNativeTarget;
			buildConfigurationList = 844C601A2B3AB56300EC5207 /* Build configuration list for PBXNativeTarget "DemoTests" */;
			buildPhases = (
				FD0F0B0B66A9D13EB583212F /* [CP] Check Pods Manifest.lock */,
				844C5FFF2B3AB56300EC5207 /* Sources */,
				844C60002B3AB56300EC5207 /* Frameworks */,
				844C60012B3AB56300EC5207 /* Resources */,
			);
			buildRules = (
			);
			dependencies = (
				844C60052B3AB56300EC5207 /* PBXTargetDependency */,
			);
			name = DemoTests;
			productName = DemoTests;
			productReference = 844C60032B3AB56300EC5207 /* DemoTests.xctest */;
			productType = "com.apple.product-type.bundle.unit-test";
		};
		844C600C2B3AB56300EC5207 /* DemoUITests */ = {
			isa = PBXNativeTarget;
			buildConfigurationList = 844C601D2B3AB56300EC5207 /* Build configuration list for PBXNativeTarget "DemoUITests" */;
			buildPhases = (
				89AB1D3509DA67242240B535 /* [CP] Check Pods Manifest.lock */,
				844C60092B3AB56300EC5207 /* Sources */,
				844C600A2B3AB56300EC5207 /* Frameworks */,
				844C600B2B3AB56300EC5207 /* Resources */,
				44ADCB619E3BE153F2AE86DA /* [CP] Embed Pods Frameworks */,
			);
			buildRules = (
			);
			dependencies = (
				844C600F2B3AB56300EC5207 /* PBXTargetDependency */,
			);
			name = DemoUITests;
			productName = DemoUITests;
			productReference = 844C600D2B3AB56300EC5207 /* DemoUITests.xctest */;
			productType = "com.apple.product-type.bundle.ui-testing";
		};
/* End PBXNativeTarget section */

/* Begin PBXProject section */
		844C5FE52B3AB56200EC5207 /* Project object */ = {
			isa = PBXProject;
			attributes = {
				BuildIndependentTargetsInParallel = 1;
				LastSwiftUpdateCheck = 1500;
				LastUpgradeCheck = 1500;
				TargetAttributes = {
					844C5FEC2B3AB56200EC5207 = {
						CreatedOnToolsVersion = 15.0.1;
					};
					844C60022B3AB56300EC5207 = {
						CreatedOnToolsVersion = 15.0.1;
						TestTargetID = 844C5FEC2B3AB56200EC5207;
					};
					844C600C2B3AB56300EC5207 = {
						CreatedOnToolsVersion = 15.0.1;
						TestTargetID = 844C5FEC2B3AB56200EC5207;
					};
				};
			};
			buildConfigurationList = 844C5FE82B3AB56200EC5207 /* Build configuration list for PBXProject "Demo" */;
			compatibilityVersion = "Xcode 14.0";
			developmentRegion = en;
			hasScannedForEncodings = 0;
			knownRegions = (
				en,
				Base,
			);
			mainGroup = 844C5FE42B3AB56200EC5207;
			productRefGroup = 844C5FEE2B3AB56200EC5207 /* Products */;
			projectDirPath = "";
			projectRoot = "";
			targets = (
				844C5FEC2B3AB56200EC5207 /* Demo */,
				844C60022B3AB56300EC5207 /* DemoTests */,
				844C600C2B3AB56300EC5207 /* DemoUITests */,
			);
		};
/* End PBXProject section */

/* Begin PBXResourcesBuildPhase section */
		844C5FEB2B3AB56200EC5207 /* Resources */ = {
			isa = PBXResourcesBuildPhase;
			buildActionMask = 2147483647;
			files = (
				844C5FFD2B3AB56300EC5207 /* LaunchScreen.storyboard in Resources */,
				844C5FFA2B3AB56300EC5207 /* Assets.xcassets in Resources */,
			);
			runOnlyForDeploymentPostprocessing = 0;
		};
		844C60012B3AB56300EC5207 /* Resources */ = {
			isa = PBXResourcesBuildPhase;
			buildActionMask = 2147483647;
			files = (
			);
			runOnlyForDeploymentPostprocessing = 0;
		};
		844C600B2B3AB56300EC5207 /* Resources */ = {
			isa = PBXResourcesBuildPhase;
			buildActionMask = 2147483647;
			files = (
			);
			runOnlyForDeploymentPostprocessing = 0;
		};
/* End PBXResourcesBuildPhase section */

/* Begin PBXShellScriptBuildPhase section */
		12E222D60FB3C214F38EE0F6 /* [CP] Check Pods Manifest.lock */ = {
			isa = PBXShellScriptBuildPhase;
			buildActionMask = 2147483647;
			files = (
			);
			inputFileListPaths = (
			);
			inputPaths = (
				"${PODS_PODFILE_DIR_PATH}/Podfile.lock",
				"${PODS_ROOT}/Manifest.lock",
			);
			name = "[CP] Check Pods Manifest.lock";
			outputFileListPaths = (
			);
			outputPaths = (
				"$(DERIVED_FILE_DIR)/Pods-Demo-checkManifestLockResult.txt",
			);
			runOnlyForDeploymentPostprocessing = 0;
			shellPath = /bin/sh;
			shellScript = "diff \"${PODS_PODFILE_DIR_PATH}/Podfile.lock\" \"${PODS_ROOT}/Manifest.lock\" > /dev/null\nif [ $? != 0 ] ; then\n    # print error to STDERR\n    echo \"error: The sandbox is not in sync with the Podfile.lock. Run 'pod install' or update your CocoaPods installation.\" >&2\n    exit 1\nfi\n# This output is used by Xcode 'outputs' to avoid re-running this script phase.\necho \"SUCCESS\" > \"${SCRIPT_OUTPUT_FILE_0}\"\n";
			showEnvVarsInLog = 0;
		};
		26C844AD15935633C684A346 /* [CP] Embed Pods Frameworks */ = {
			isa = PBXShellScriptBuildPhase;
			buildActionMask = 2147483647;
			files = (
			);
			inputFileListPaths = (
				"${PODS_ROOT}/Target Support Files/Pods-Demo/Pods-Demo-frameworks-${CONFIGURATION}-input-files.xcfilelist",
			);
			name = "[CP] Embed Pods Frameworks";
			outputFileListPaths = (
				"${PODS_ROOT}/Target Support Files/Pods-Demo/Pods-Demo-frameworks-${CONFIGURATION}-output-files.xcfilelist",
			);
			runOnlyForDeploymentPostprocessing = 0;
			shellPath = /bin/sh;
			shellScript = "\"${PODS_ROOT}/Target Support Files/Pods-Demo/Pods-Demo-frameworks.sh\"\n";
			showEnvVarsInLog = 0;
		};
		44ADCB619E3BE153F2AE86DA /* [CP] Embed Pods Frameworks */ = {
			isa = PBXShellScriptBuildPhase;
			buildActionMask = 2147483647;
			files = (
			);
			inputFileListPaths = (
				"${PODS_ROOT}/Target Support Files/Pods-Demo-DemoUITests/Pods-Demo-DemoUITests-frameworks-${CONFIGURATION}-input-files.xcfilelist",
			);
			name = "[CP] Embed Pods Frameworks";
			outputFileListPaths = (
				"${PODS_ROOT}/Target Support Files/Pods-Demo-DemoUITests/Pods-Demo-DemoUITests-frameworks-${CONFIGURATION}-output-files.xcfilelist",
			);
			runOnlyForDeploymentPostprocessing = 0;
			shellPath = /bin/sh;
			shellScript = "\"${PODS_ROOT}/Target Support Files/Pods-Demo-DemoUITests/Pods-Demo-DemoUITests-frameworks.sh\"\n";
			showEnvVarsInLog = 0;
		};
		89AB1D3509DA67242240B535 /* [CP] Check Pods Manifest.lock */ = {
			isa = PBXShellScriptBuildPhase;
			buildActionMask = 2147483647;
			files = (
			);
			inputFileListPaths = (
			);
			inputPaths = (
				"${PODS_PODFILE_DIR_PATH}/Podfile.lock",
				"${PODS_ROOT}/Manifest.lock",
			);
			name = "[CP] Check Pods Manifest.lock";
			outputFileListPaths = (
			);
			outputPaths = (
				"$(DERIVED_FILE_DIR)/Pods-Demo-DemoUITests-checkManifestLockResult.txt",
			);
			runOnlyForDeploymentPostprocessing = 0;
			shellPath = /bin/sh;
			shellScript = "diff \"${PODS_PODFILE_DIR_PATH}/Podfile.lock\" \"${PODS_ROOT}/Manifest.lock\" > /dev/null\nif [ $? != 0 ] ; then\n    # print error to STDERR\n    echo \"error: The sandbox is not in sync with the Podfile.lock. Run 'pod install' or update your CocoaPods installation.\" >&2\n    exit 1\nfi\n# This output is used by Xcode 'outputs' to avoid re-running this script phase.\necho \"SUCCESS\" > \"${SCRIPT_OUTPUT_FILE_0}\"\n";
			showEnvVarsInLog = 0;
		};
		FD0F0B0B66A9D13EB583212F /* [CP] Check Pods Manifest.lock */ = {
			isa = PBXShellScriptBuildPhase;
			buildActionMask = 2147483647;
			files = (
			);
			inputFileListPaths = (
			);
			inputPaths = (
				"${PODS_PODFILE_DIR_PATH}/Podfile.lock",
				"${PODS_ROOT}/Manifest.lock",
			);
			name = "[CP] Check Pods Manifest.lock";
			outputFileListPaths = (
			);
			outputPaths = (
				"$(DERIVED_FILE_DIR)/Pods-DemoTests-checkManifestLockResult.txt",
			);
			runOnlyForDeploymentPostprocessing = 0;
			shellPath = /bin/sh;
			shellScript = "diff \"${PODS_PODFILE_DIR_PATH}/Podfile.lock\" \"${PODS_ROOT}/Manifest.lock\" > /dev/null\nif [ $? != 0 ] ; then\n    # print error to STDERR\n    echo \"error: The sandbox is not in sync with the Podfile.lock. Run 'pod install' or update your CocoaPods installation.\" >&2\n    exit 1\nfi\n# This output is used by Xcode 'outputs' to avoid re-running this script phase.\necho \"SUCCESS\" > \"${SCRIPT_OUTPUT_FILE_0}\"\n";
			showEnvVarsInLog = 0;
		};
/* End PBXShellScriptBuildPhase section */

/* Begin PBXSourcesBuildPhase section */
		844C5FE92B3AB56200EC5207 /* Sources */ = {
			isa = PBXSourcesBuildPhase;
			buildActionMask = 2147483647;
			files = (
				844C602D2B3AD1BA00EC5207 /* YLTransitionAnimateConfig.swift in Sources */,
				844C5FF52B3AB56200EC5207 /* ViewController.swift in Sources */,
				844C5FF12B3AB56200EC5207 /* AppDelegate.swift in Sources */,
				844C602E2B3AD1BA00EC5207 /* YLTransitionAnimate.swift in Sources */,
			);
			runOnlyForDeploymentPostprocessing = 0;
		};
		844C5FFF2B3AB56300EC5207 /* Sources */ = {
			isa = PBXSourcesBuildPhase;
			buildActionMask = 2147483647;
			files = (
				844C60082B3AB56300EC5207 /* DemoTests.swift in Sources */,
			);
			runOnlyForDeploymentPostprocessing = 0;
		};
		844C60092B3AB56300EC5207 /* Sources */ = {
			isa = PBXSourcesBuildPhase;
			buildActionMask = 2147483647;
			files = (
				844C60122B3AB56300EC5207 /* DemoUITests.swift in Sources */,
				844C60142B3AB56300EC5207 /* DemoUITestsLaunchTests.swift in Sources */,
			);
			runOnlyForDeploymentPostprocessing = 0;
		};
/* End PBXSourcesBuildPhase section */

/* Begin PBXTargetDependency section */
		844C60052B3AB56300EC5207 /* PBXTargetDependency */ = {
			isa = PBXTargetDependency;
			target = 844C5FEC2B3AB56200EC5207 /* Demo */;
			targetProxy = 844C60042B3AB56300EC5207 /* PBXContainerItemProxy */;
		};
		844C600F2B3AB56300EC5207 /* PBXTargetDependency */ = {
			isa = PBXTargetDependency;
			target = 844C5FEC2B3AB56200EC5207 /* Demo */;
			targetProxy = 844C600E2B3AB56300EC5207 /* PBXContainerItemProxy */;
		};
/* End PBXTargetDependency section */

/* Begin PBXVariantGroup section */
		844C5FFB2B3AB56300EC5207 /* LaunchScreen.storyboard */ = {
			isa = PBXVariantGroup;
			children = (
				844C5FFC2B3AB56300EC5207 /* Base */,
			);
			name = LaunchScreen.storyboard;
			sourceTree = "<group>";
		};
/* End PBXVariantGroup section */

/* Begin XCBuildConfiguration section */
		844C60152B3AB56300EC5207 /* Debug */ = {
			isa = XCBuildConfiguration;
			buildSettings = {
				ALWAYS_SEARCH_USER_PATHS = NO;
				ASSETCATALOG_COMPILER_GENERATE_SWIFT_ASSET_SYMBOL_EXTENSIONS = YES;
				CLANG_ANALYZER_NONNULL = YES;
				CLANG_ANALYZER_NUMBER_OBJECT_CONVERSION = YES_AGGRESSIVE;
				CLANG_CXX_LANGUAGE_STANDARD = "gnu++20";
				CLANG_ENABLE_MODULES = YES;
				CLANG_ENABLE_OBJC_ARC = YES;
				CLANG_ENABLE_OBJC_WEAK = YES;
				CLANG_WARN_BLOCK_CAPTURE_AUTORELEASING = YES;
				CLANG_WARN_BOOL_CONVERSION = YES;
				CLANG_WARN_COMMA = YES;
				CLANG_WARN_CONSTANT_CONVERSION = YES;
				CLANG_WARN_DEPRECATED_OBJC_IMPLEMENTATIONS = YES;
				CLANG_WARN_DIRECT_OBJC_ISA_USAGE = YES_ERROR;
				CLANG_WARN_DOCUMENTATION_COMMENTS = YES;
				CLANG_WARN_EMPTY_BODY = YES;
				CLANG_WARN_ENUM_CONVERSION = YES;
				CLANG_WARN_INFINITE_RECURSION = YES;
				CLANG_WARN_INT_CONVERSION = YES;
				CLANG_WARN_NON_LITERAL_NULL_CONVERSION = YES;
				CLANG_WARN_OBJC_IMPLICIT_RETAIN_SELF = YES;
				CLANG_WARN_OBJC_LITERAL_CONVERSION = YES;
				CLANG_WARN_OBJC_ROOT_CLASS = YES_ERROR;
				CLANG_WARN_QUOTED_INCLUDE_IN_FRAMEWORK_HEADER = YES;
				CLANG_WARN_RANGE_LOOP_ANALYSIS = YES;
				CLANG_WARN_STRICT_PROTOTYPES = YES;
				CLANG_WARN_SUSPICIOUS_MOVE = YES;
				CLANG_WARN_UNGUARDED_AVAILABILITY = YES_AGGRESSIVE;
				CLANG_WARN_UNREACHABLE_CODE = YES;
				CLANG_WARN__DUPLICATE_METHOD_MATCH = YES;
				COPY_PHASE_STRIP = NO;
				DEBUG_INFORMATION_FORMAT = dwarf;
				ENABLE_STRICT_OBJC_MSGSEND = YES;
				ENABLE_TESTABILITY = YES;
				ENABLE_USER_SCRIPT_SANDBOXING = YES;
				GCC_C_LANGUAGE_STANDARD = gnu17;
				GCC_DYNAMIC_NO_PIC = NO;
				GCC_NO_COMMON_BLOCKS = YES;
				GCC_OPTIMIZATION_LEVEL = 0;
				GCC_PREPROCESSOR_DEFINITIONS = (
					"DEBUG=1",
					"$(inherited)",
				);
				GCC_WARN_64_TO_32_BIT_CONVERSION = YES;
				GCC_WARN_ABOUT_RETURN_TYPE = YES_ERROR;
				GCC_WARN_UNDECLARED_SELECTOR = YES;
				GCC_WARN_UNINITIALIZED_AUTOS = YES_AGGRESSIVE;
				GCC_WARN_UNUSED_FUNCTION = YES;
				GCC_WARN_UNUSED_VARIABLE = YES;
				IPHONEOS_DEPLOYMENT_TARGET = 12.0;
				LOCALIZATION_PREFERS_STRING_CATALOGS = YES;
				MTL_ENABLE_DEBUG_INFO = INCLUDE_SOURCE;
				MTL_FAST_MATH = YES;
				ONLY_ACTIVE_ARCH = YES;
				SDKROOT = iphoneos;
				SWIFT_ACTIVE_COMPILATION_CONDITIONS = "DEBUG $(inherited)";
				SWIFT_OPTIMIZATION_LEVEL = "-Onone";
			};
			name = Debug;
		};
		844C60162B3AB56300EC5207 /* Release */ = {
			isa = XCBuildConfiguration;
			buildSettings = {
				ALWAYS_SEARCH_USER_PATHS = NO;
				ASSETCATALOG_COMPILER_GENERATE_SWIFT_ASSET_SYMBOL_EXTENSIONS = YES;
				CLANG_ANALYZER_NONNULL = YES;
				CLANG_ANALYZER_NUMBER_OBJECT_CONVERSION = YES_AGGRESSIVE;
				CLANG_CXX_LANGUAGE_STANDARD = "gnu++20";
				CLANG_ENABLE_MODULES = YES;
				CLANG_ENABLE_OBJC_ARC = YES;
				CLANG_ENABLE_OBJC_WEAK = YES;
				CLANG_WARN_BLOCK_CAPTURE_AUTORELEASING = YES;
				CLANG_WARN_BOOL_CONVERSION = YES;
				CLANG_WARN_COMMA = YES;
				CLANG_WARN_CONSTANT_CONVERSION = YES;
				CLANG_WARN_DEPRECATED_OBJC_IMPLEMENTATIONS = YES;
				CLANG_WARN_DIRECT_OBJC_ISA_USAGE = YES_ERROR;
				CLANG_WARN_DOCUMENTATION_COMMENTS = YES;
				CLANG_WARN_EMPTY_BODY = YES;
				CLANG_WARN_ENUM_CONVERSION = YES;
				CLANG_WARN_INFINITE_RECURSION = YES;
				CLANG_WARN_INT_CONVERSION = YES;
				CLANG_WARN_NON_LITERAL_NULL_CONVERSION = YES;
				CLANG_WARN_OBJC_IMPLICIT_RETAIN_SELF = YES;
				CLANG_WARN_OBJC_LITERAL_CONVERSION = YES;
				CLANG_WARN_OBJC_ROOT_CLASS = YES_ERROR;
				CLANG_WARN_QUOTED_INCLUDE_IN_FRAMEWORK_HEADER = YES;
				CLANG_WARN_RANGE_LOOP_ANALYSIS = YES;
				CLANG_WARN_STRICT_PROTOTYPES = YES;
				CLANG_WARN_SUSPICIOUS_MOVE = YES;
				CLANG_WARN_UNGUARDED_AVAILABILITY = YES_AGGRESSIVE;
				CLANG_WARN_UNREACHABLE_CODE = YES;
				CLANG_WARN__DUPLICATE_METHOD_MATCH = YES;
				COPY_PHASE_STRIP = NO;
				DEBUG_INFORMATION_FORMAT = "dwarf-with-dsym";
				ENABLE_NS_ASSERTIONS = NO;
				ENABLE_STRICT_OBJC_MSGSEND = YES;
				ENABLE_USER_SCRIPT_SANDBOXING = YES;
				GCC_C_LANGUAGE_STANDARD = gnu17;
				GCC_NO_COMMON_BLOCKS = YES;
				GCC_WARN_64_TO_32_BIT_CONVERSION = YES;
				GCC_WARN_ABOUT_RETURN_TYPE = YES_ERROR;
				GCC_WARN_UNDECLARED_SELECTOR = YES;
				GCC_WARN_UNINITIALIZED_AUTOS = YES_AGGRESSIVE;
				GCC_WARN_UNUSED_FUNCTION = YES;
				GCC_WARN_UNUSED_VARIABLE = YES;
				IPHONEOS_DEPLOYMENT_TARGET = 12.0;
				LOCALIZATION_PREFERS_STRING_CATALOGS = YES;
				MTL_ENABLE_DEBUG_INFO = NO;
				MTL_FAST_MATH = YES;
				SDKROOT = iphoneos;
				SWIFT_COMPILATION_MODE = wholemodule;
				VALIDATE_PRODUCT = YES;
			};
			name = Release;
		};
		844C60182B3AB56300EC5207 /* Debug */ = {
			isa = XCBuildConfiguration;
			baseConfigurationReference = 8DBE9A35134244B7E216982F /* Pods-Demo.debug.xcconfig */;
			buildSettings = {
				ASSETCATALOG_COMPILER_APPICON_NAME = AppIcon;
				ASSETCATALOG_COMPILER_GLOBAL_ACCENT_COLOR_NAME = AccentColor;
				CODE_SIGN_STYLE = Automatic;
				CURRENT_PROJECT_VERSION = 1;
				DEVELOPMENT_TEAM = JFRHS2R5L6;
				ENABLE_USER_SCRIPT_SANDBOXING = NO;
				GENERATE_INFOPLIST_FILE = YES;
				INFOPLIST_FILE = Demo/Info.plist;
				INFOPLIST_KEY_UIApplicationSupportsIndirectInputEvents = YES;
				INFOPLIST_KEY_UILaunchStoryboardName = LaunchScreen;
				INFOPLIST_KEY_UISupportedInterfaceOrientations = UIInterfaceOrientationPortrait;
				IPHONEOS_DEPLOYMENT_TARGET = 12.0;
				LD_RUNPATH_SEARCH_PATHS = (
					"$(inherited)",
					"@executable_path/Frameworks",
				);
				MARKETING_VERSION = 1.0;
				PRODUCT_BUNDLE_IDENTIFIER = com.david.remote;
				PRODUCT_NAME = "$(TARGET_NAME)";
				SUPPORTED_PLATFORMS = "iphoneos iphonesimulator";
				SUPPORTS_MACCATALYST = NO;
				SUPPORTS_MAC_DESIGNED_FOR_IPHONE_IPAD = NO;
				SWIFT_EMIT_LOC_STRINGS = YES;
				SWIFT_VERSION = 5.0;
				TARGETED_DEVICE_FAMILY = "1,2";
			};
			name = Debug;
		};
		844C60192B3AB56300EC5207 /* Release */ = {
			isa = XCBuildConfiguration;
			baseConfigurationReference = 99ACA3F9C2334A9005B6D99E /* Pods-Demo.release.xcconfig */;
			buildSettings = {
				ASSETCATALOG_COMPILER_APPICON_NAME = AppIcon;
				ASSETCATALOG_COMPILER_GLOBAL_ACCENT_COLOR_NAME = AccentColor;
				CODE_SIGN_STYLE = Automatic;
				CURRENT_PROJECT_VERSION = 1;
				DEVELOPMENT_TEAM = JFRHS2R5L6;
				ENABLE_USER_SCRIPT_SANDBOXING = NO;
				GENERATE_INFOPLIST_FILE = YES;
				INFOPLIST_FILE = Demo/Info.plist;
				INFOPLIST_KEY_UIApplicationSupportsIndirectInputEvents = YES;
				INFOPLIST_KEY_UILaunchStoryboardName = LaunchScreen;
				INFOPLIST_KEY_UISupportedInterfaceOrientations = UIInterfaceOrientationPortrait;
				IPHONEOS_DEPLOYMENT_TARGET = 12.0;
				LD_RUNPATH_SEARCH_PATHS = (
					"$(inherited)",
					"@executable_path/Frameworks",
				);
				MARKETING_VERSION = 1.0;
				PRODUCT_BUNDLE_IDENTIFIER = com.david.remote;
				PRODUCT_NAME = "$(TARGET_NAME)";
				SUPPORTED_PLATFORMS = "iphoneos iphonesimulator";
				SUPPORTS_MACCATALYST = NO;
				SUPPORTS_MAC_DESIGNED_FOR_IPHONE_IPAD = NO;
				SWIFT_EMIT_LOC_STRINGS = YES;
				SWIFT_VERSION = 5.0;
				TARGETED_DEVICE_FAMILY = "1,2";
			};
			name = Release;
		};
		844C601B2B3AB56300EC5207 /* Debug */ = {
			isa = XCBuildConfiguration;
			baseConfigurationReference = 917C7AFC0066854C00632122 /* Pods-DemoTests.debug.xcconfig */;
			buildSettings = {
				ALWAYS_EMBED_SWIFT_STANDARD_LIBRARIES = YES;
				BUNDLE_LOADER = "$(TEST_HOST)";
				CODE_SIGN_STYLE = Automatic;
				CURRENT_PROJECT_VERSION = 1;
				DEVELOPMENT_TEAM = JFRHS2R5L6;
				GENERATE_INFOPLIST_FILE = YES;
				IPHONEOS_DEPLOYMENT_TARGET = 12.0;
				MARKETING_VERSION = 1.0;
				PRODUCT_BUNDLE_IDENTIFIER = com.david.remote.DemoTests;
				PRODUCT_NAME = "$(TARGET_NAME)";
				SWIFT_EMIT_LOC_STRINGS = NO;
				SWIFT_VERSION = 5.0;
				TARGETED_DEVICE_FAMILY = "1,2";
				TEST_HOST = "$(BUILT_PRODUCTS_DIR)/Demo.app/$(BUNDLE_EXECUTABLE_FOLDER_PATH)/Demo";
			};
			name = Debug;
		};
		844C601C2B3AB56300EC5207 /* Release */ = {
			isa = XCBuildConfiguration;
			baseConfigurationReference = A032318B090E565B683309A8 /* Pods-DemoTests.release.xcconfig */;
			buildSettings = {
				ALWAYS_EMBED_SWIFT_STANDARD_LIBRARIES = YES;
				BUNDLE_LOADER = "$(TEST_HOST)";
				CODE_SIGN_STYLE = Automatic;
				CURRENT_PROJECT_VERSION = 1;
				DEVELOPMENT_TEAM = JFRHS2R5L6;
				GENERATE_INFOPLIST_FILE = YES;
				IPHONEOS_DEPLOYMENT_TARGET = 12.0;
				MARKETING_VERSION = 1.0;
				PRODUCT_BUNDLE_IDENTIFIER = com.david.remote.DemoTests;
				PRODUCT_NAME = "$(TARGET_NAME)";
				SWIFT_EMIT_LOC_STRINGS = NO;
				SWIFT_VERSION = 5.0;
				TARGETED_DEVICE_FAMILY = "1,2";
				TEST_HOST = "$(BUILT_PRODUCTS_DIR)/Demo.app/$(BUNDLE_EXECUTABLE_FOLDER_PATH)/Demo";
			};
			name = Release;
		};
		844C601E2B3AB56300EC5207 /* Debug */ = {
			isa = XCBuildConfiguration;
			baseConfigurationReference = 1F8645723085496F963999A0 /* Pods-Demo-DemoUITests.debug.xcconfig */;
			buildSettings = {
				ALWAYS_EMBED_SWIFT_STANDARD_LIBRARIES = YES;
				CODE_SIGN_STYLE = Automatic;
				CURRENT_PROJECT_VERSION = 1;
				DEVELOPMENT_TEAM = JFRHS2R5L6;
				GENERATE_INFOPLIST_FILE = YES;
				MARKETING_VERSION = 1.0;
				PRODUCT_BUNDLE_IDENTIFIER = com.david.remote.DemoUITests;
				PRODUCT_NAME = "$(TARGET_NAME)";
				SWIFT_EMIT_LOC_STRINGS = NO;
				SWIFT_VERSION = 5.0;
				TARGETED_DEVICE_FAMILY = "1,2";
				TEST_TARGET_NAME = Demo;
			};
			name = Debug;
		};
		844C601F2B3AB56300EC5207 /* Release */ = {
			isa = XCBuildConfiguration;
			baseConfigurationReference = 3510F4ED784C777446A48B5B /* Pods-Demo-DemoUITests.release.xcconfig */;
			buildSettings = {
				ALWAYS_EMBED_SWIFT_STANDARD_LIBRARIES = YES;
				CODE_SIGN_STYLE = Automatic;
				CURRENT_PROJECT_VERSION = 1;
				DEVELOPMENT_TEAM = JFRHS2R5L6;
				GENERATE_INFOPLIST_FILE = YES;
				MARKETING_VERSION = 1.0;
				PRODUCT_BUNDLE_IDENTIFIER = com.david.remote.DemoUITests;
				PRODUCT_NAME = "$(TARGET_NAME)";
				SWIFT_EMIT_LOC_STRINGS = NO;
				SWIFT_VERSION = 5.0;
				TARGETED_DEVICE_FAMILY = "1,2";
				TEST_TARGET_NAME = Demo;
			};
			name = Release;
		};
/* End XCBuildConfiguration section */

/* Begin XCConfigurationList section */
		844C5FE82B3AB56200EC5207 /* Build configuration list for PBXProject "Demo" */ = {
			isa = XCConfigurationList;
			buildConfigurations = (
				844C60152B3AB56300EC5207 /* Debug */,
				844C60162B3AB56300EC5207 /* Release */,
			);
			defaultConfigurationIsVisible = 0;
			defaultConfigurationName = Release;
		};
		844C60172B3AB56300EC5207 /* Build configuration list for PBXNativeTarget "Demo" */ = {
			isa = XCConfigurationList;
			buildConfigurations = (
				844C60182B3AB56300EC5207 /* Debug */,
				844C60192B3AB56300EC5207 /* Release */,
			);
			defaultConfigurationIsVisible = 0;
			defaultConfigurationName = Release;
		};
		844C601A2B3AB56300EC5207 /* Build configuration list for PBXNativeTarget "DemoTests" */ = {
			isa = XCConfigurationList;
			buildConfigurations = (
				844C601B2B3AB56300EC5207 /* Debug */,
				844C601C2B3AB56300EC5207 /* Release */,
			);
			defaultConfigurationIsVisible = 0;
			defaultConfigurationName = Release;
		};
		844C601D2B3AB56300EC5207 /* Build configuration list for PBXNativeTarget "DemoUITests" */ = {
			isa = XCConfigurationList;
			buildConfigurations = (
				844C601E2B3AB56300EC5207 /* Debug */,
				844C601F2B3AB56300EC5207 /* Release */,
			);
			defaultConfigurationIsVisible = 0;
			defaultConfigurationName = Release;
		};
/* End XCConfigurationList section */
	};
	rootObject = 844C5FE52B3AB56200EC5207 /* Project object */;
}
